
Microsoft Visual Studio Solution File, Format Version 12.00
# Visual Studio Version 17
VisualStudioVersion = 17.3.32901.215
MinimumVisualStudioVersion = 10.0.40219.1
Project("{9A19103F-16F7-4668-BE54-9A1E7A4F7556}") = "Authentucation", "Authentucation\Authentucation.csproj", "{C14DEAF4-9151-46FD-977B-14358883A091}"
EndProject
Project("{9A19103F-16F7-4668-BE54-9A1E7A4F7556}") = "Authorization", "Authorization\Authorization.csproj", "{8CC76B1C-0AE7-482E-8AC3-F2BBCCDAA365}"
EndProject
Project("{9A19103F-16F7-4668-BE54-9A1E7A4F7556}") = "AuthenticationSchemas", "AuthenticationSchemas\AuthenticationSchemas.csproj", "{23639C4C-A7B8-4C13-8624-403C11B4C668}"
EndProject
Project("{FAE04EC0-301F-11D3-BF4B-00C04F79EFBC}") = "IdentityManagent", "IdentityManagent\IdentityManagent.csproj", "{A5131B18-D700-4BBE-B5A6-D485005ED7CC}"
EndProject
Global
	GlobalSection(SolutionConfigurationPlatforms) = preSolution
		Debug|Any CPU = Debug|Any CPU
		Release|Any CPU = Release|Any CPU
	EndGlobalSection
	GlobalSection(ProjectConfigurationPlatforms) = postSolution
		{C14DEAF4-9151-46FD-977B-14358883A091}.Debug|Any CPU.ActiveCfg = Debug|Any CPU
		{C14DEAF4-9151-46FD-977B-14358883A091}.Debug|Any CPU.Build.0 = Debug|Any CPU
		{C14DEAF4-9151-46FD-977B-14358883A091}.Release|Any CPU.ActiveCfg = Release|Any CPU
		{C14DEAF4-9151-46FD-977B-14358883A091}.Release|Any CPU.Build.0 = Release|Any CPU
		{8CC76B1C-0AE7-482E-8AC3-F2BBCCDAA365}.Debug|Any CPU.ActiveCfg = Debug|Any CPU
		{8CC76B1C-0AE7-482E-8AC3-F2BBCCDAA365}.Debug|Any CPU.Build.0 = Debug|Any CPU
		{8CC76B1C-0AE7-482E-8AC3-F2BBCCDAA365}.Release|Any CPU.ActiveCfg = Release|Any CPU
		{8CC76B1C-0AE7-482E-8AC3-F2BBCCDAA365}.Release|Any CPU.Build.0 = Release|Any CPU
		{23639C4C-A7B8-4C13-8624-403C11B4C668}.Debug|Any CPU.ActiveCfg = Debug|Any CPU
		{23639C4C-A7B8-4C13-8624-403C11B4C668}.Debug|Any CPU.Build.0 = Debug|Any CPU
		{23639C4C-A7B8-4C13-8624-403C11B4C668}.Release|Any CPU.ActiveCfg = Release|Any CPU
		{23639C4C-A7B8-4C13-8624-403C11B4C668}.Release|Any CPU.Build.0 = Release|Any CPU
		{A5131B18-D700-4BBE-B5A6-D485005ED7CC}.Debug|Any CPU.ActiveCfg = Debug|Any CPU
		{A5131B18-D700-4BBE-B5A6-D485005ED7CC}.Debug|Any CPU.Build.0 = Debug|Any CPU
		{A5131B18-D700-4BBE-B5A6-D485005ED7CC}.Release|Any CPU.ActiveCfg = Release|Any CPU
		{A5131B18-D700-4BBE-B5A6-D485005ED7CC}.Release|Any CPU.Build.0 = Release|Any CPU
	EndGlobalSection
	GlobalSection(SolutionProperties) = preSolution
		HideSolutionNode = FALSE
	EndGlobalSection
	GlobalSection(ExtensibilityGlobals) = postSolution
		SolutionGuid = {807502FA-CB9E-4BE3-AD51-A47411F3EEE2}
	EndGlobalSection
EndGlobal
